// !$*UTF8*$!
{
	archiveVersion = 1;
	classes = {
	};
	objectVersion = 52;
	objects = {

/* Begin PBXBuildFile section */
		382F0B78267EBCB900055B24 /* HomeView.swift in Sources */ = {isa = PBXBuildFile; fileRef = 382F0B77267EBCB900055B24 /* HomeView.swift */; };
		382F0B7B267EBE0200055B24 /* KingfisherSwiftUI in Frameworks */ = {isa = PBXBuildFile; productRef = 382F0B7A267EBE0200055B24 /* KingfisherSwiftUI */; };
		382F0B7E267EBE5200055B24 /* Movie.swift in Sources */ = {isa = PBXBuildFile; fileRef = 382F0B7D267EBE5200055B24 /* Movie.swift */; };
		382F0B81267EBEDB00055B24 /* StandardHomeMovie.swift in Sources */ = {isa = PBXBuildFile; fileRef = 382F0B80267EBEDB00055B24 /* StandardHomeMovie.swift */; };
		382F0B84267EBF4100055B24 /* GlobalHelpers.swift in Sources */ = {isa = PBXBuildFile; fileRef = 382F0B83267EBF4100055B24 /* GlobalHelpers.swift */; };
		382F0B87267EC18100055B24 /* HomeViewModel.swift in Sources */ = {isa = PBXBuildFile; fileRef = 382F0B86267EC18100055B24 /* HomeViewModel.swift */; };
		38764CC8261A9CF400B1D8EF /* netflix_cloneApp.swift in Sources */ = {isa = PBXBuildFile; fileRef = 38764CC7261A9CF400B1D8EF /* netflix_cloneApp.swift */; };
		38764CCA261A9CF400B1D8EF /* ContentView.swift in Sources */ = {isa = PBXBuildFile; fileRef = 38764CC9261A9CF400B1D8EF /* ContentView.swift */; };
		38764CCC261A9CF900B1D8EF /* Assets.xcassets in Resources */ = {isa = PBXBuildFile; fileRef = 38764CCB261A9CF800B1D8EF /* Assets.xcassets */; };
		38764CCF261A9CF900B1D8EF /* Preview Assets.xcassets in Resources */ = {isa = PBXBuildFile; fileRef = 38764CCE261A9CF900B1D8EF /* Preview Assets.xcassets */; };
		38764CDA261A9CF900B1D8EF /* netflix_cloneTests.swift in Sources */ = {isa = PBXBuildFile; fileRef = 38764CD9261A9CF900B1D8EF /* netflix_cloneTests.swift */; };
		38764CE5261A9CF900B1D8EF /* netflix_cloneUITests.swift in Sources */ = {isa = PBXBuildFile; fileRef = 38764CE4261A9CF900B1D8EF /* netflix_cloneUITests.swift */; };
/* End PBXBuildFile section */

/* Begin PBXContainerItemProxy section */
		38764CD6261A9CF900B1D8EF /* PBXContainerItemProxy */ = {
			isa = PBXContainerItemProxy;
			containerPortal = 38764CBC261A9CF400B1D8EF /* Project object */;
			proxyType = 1;
			remoteGlobalIDString = 38764CC3261A9CF400B1D8EF;
			remoteInfo = "netflix-clone";
		};
		38764CE1261A9CF900B1D8EF /* PBXContainerItemProxy */ = {
			isa = PBXContainerItemProxy;
			containerPortal = 38764CBC261A9CF400B1D8EF /* Project object */;
			proxyType = 1;
			remoteGlobalIDString = 38764CC3261A9CF400B1D8EF;
			remoteInfo = "netflix-clone";
		};
/* End PBXContainerItemProxy section */

/* Begin PBXFileReference section */
		382F0B77267EBCB900055B24 /* HomeView.swift */ = {isa = PBXFileReference; lastKnownFileType = sourcecode.swift; path = HomeView.swift; sourceTree = "<group>"; };
		382F0B7D267EBE5200055B24 /* Movie.swift */ = {isa = PBXFileReference; lastKnownFileType = sourcecode.swift; path = Movie.swift; sourceTree = "<group>"; };
		382F0B80267EBEDB00055B24 /* StandardHomeMovie.swift */ = {isa = PBXFileReference; lastKnownFileType = sourcecode.swift; path = StandardHomeMovie.swift; sourceTree = "<group>"; };
		382F0B83267EBF4100055B24 /* GlobalHelpers.swift */ = {isa = PBXFileReference; lastKnownFileType = sourcecode.swift; path = GlobalHelpers.swift; sourceTree = "<group>"; };
		382F0B86267EC18100055B24 /* HomeViewModel.swift */ = {isa = PBXFileReference; lastKnownFileType = sourcecode.swift; path = HomeViewModel.swift; sourceTree = "<group>"; };
		38764CC4261A9CF400B1D8EF /* netflix-clone.app */ = {isa = PBXFileReference; explicitFileType = wrapper.application; includeInIndex = 0; path = "netflix-clone.app"; sourceTree = BUILT_PRODUCTS_DIR; };
		38764CC7261A9CF400B1D8EF /* netflix_cloneApp.swift */ = {isa = PBXFileReference; lastKnownFileType = sourcecode.swift; path = netflix_cloneApp.swift; sourceTree = "<group>"; };
		38764CC9261A9CF400B1D8EF /* ContentView.swift */ = {isa = PBXFileReference; lastKnownFileType = sourcecode.swift; path = ContentView.swift; sourceTree = "<group>"; };
		38764CCB261A9CF800B1D8EF /* Assets.xcassets */ = {isa = PBXFileReference; lastKnownFileType = folder.assetcatalog; path = Assets.xcassets; sourceTree = "<group>"; };
		38764CCE261A9CF900B1D8EF /* Preview Assets.xcassets */ = {isa = PBXFileReference; lastKnownFileType = folder.assetcatalog; path = "Preview Assets.xcassets"; sourceTree = "<group>"; };
		38764CD0261A9CF900B1D8EF /* Info.plist */ = {isa = PBXFileReference; lastKnownFileType = text.plist.xml; path = Info.plist; sourceTree = "<group>"; };
		38764CD5261A9CF900B1D8EF /* netflix-cloneTests.xctest */ = {isa = PBXFileReference; explicitFileType = wrapper.cfbundle; includeInIndex = 0; path = "netflix-cloneTests.xctest"; sourceTree = BUILT_PRODUCTS_DIR; };
		38764CD9261A9CF900B1D8EF /* netflix_cloneTests.swift */ = {isa = PBXFileReference; lastKnownFileType = sourcecode.swift; path = netflix_cloneTests.swift; sourceTree = "<group>"; };
		38764CDB261A9CF900B1D8EF /* Info.plist */ = {isa = PBXFileReference; lastKnownFileType = text.plist.xml; path = Info.plist; sourceTree = "<group>"; };
		38764CE0261A9CF900B1D8EF /* netflix-cloneUITests.xctest */ = {isa = PBXFileReference; explicitFileType = wrapper.cfbundle; includeInIndex = 0; path = "netflix-cloneUITests.xctest"; sourceTree = BUILT_PRODUCTS_DIR; };
		38764CE4261A9CF900B1D8EF /* netflix_cloneUITests.swift */ = {isa = PBXFileReference; lastKnownFileType = sourcecode.swift; path = netflix_cloneUITests.swift; sourceTree = "<group>"; };
		38764CE6261A9CF900B1D8EF /* Info.plist */ = {isa = PBXFileReference; lastKnownFileType = text.plist.xml; path = Info.plist; sourceTree = "<group>"; };
/* End PBXFileReference section */

/* Begin PBXFrameworksBuildPhase section */
		38764CC1261A9CF400B1D8EF /* Frameworks */ = {
			isa = PBXFrameworksBuildPhase;
			buildActionMask = 2147483647;
			files = (
				382F0B7B267EBE0200055B24 /* KingfisherSwiftUI in Frameworks */,
			);
			runOnlyForDeploymentPostprocessing = 0;
		};
		38764CD2261A9CF900B1D8EF /* Frameworks */ = {
			isa = PBXFrameworksBuildPhase;
			buildActionMask = 2147483647;
			files = (
			);
			runOnlyForDeploymentPostprocessing = 0;
		};
		38764CDD261A9CF900B1D8EF /* Frameworks */ = {
			isa = PBXFrameworksBuildPhase;
			buildActionMask = 2147483647;
			files = (
			);
			runOnlyForDeploymentPostprocessing = 0;
		};
/* End PBXFrameworksBuildPhase section */

/* Begin PBXGroup section */
		382F0B7C267EBE3D00055B24 /* Model */ = {
			isa = PBXGroup;
			children = (
				382F0B7D267EBE5200055B24 /* Movie.swift */,
			);
			path = Model;
			sourceTree = "<group>";
		};
		382F0B7F267EBEAD00055B24 /* View */ = {
			isa = PBXGroup;
			children = (
				382F0B80267EBEDB00055B24 /* StandardHomeMovie.swift */,
			);
			path = View;
			sourceTree = "<group>";
		};
		382F0B82267EBF2F00055B24 /* Common */ = {
			isa = PBXGroup;
			children = (
				382F0B83267EBF4100055B24 /* GlobalHelpers.swift */,
			);
			path = Common;
			sourceTree = "<group>";
		};
		382F0B85267EC16B00055B24 /* ViewModel */ = {
			isa = PBXGroup;
			children = (
				382F0B86267EC18100055B24 /* HomeViewModel.swift */,
			);
			path = ViewModel;
			sourceTree = "<group>";
		};
		38764CBB261A9CF400B1D8EF = {
			isa = PBXGroup;
			children = (
				382F0B85267EC16B00055B24 /* ViewModel */,
				382F0B82267EBF2F00055B24 /* Common */,
				38764CC6261A9CF400B1D8EF /* netflix-clone */,
				38764CD8261A9CF900B1D8EF /* netflix-cloneTests */,
				38764CE3261A9CF900B1D8EF /* netflix-cloneUITests */,
				38764CC5261A9CF400B1D8EF /* Products */,
			);
			sourceTree = "<group>";
		};
		38764CC5261A9CF400B1D8EF /* Products */ = {
			isa = PBXGroup;
			children = (
				38764CC4261A9CF400B1D8EF /* netflix-clone.app */,
				38764CD5261A9CF900B1D8EF /* netflix-cloneTests.xctest */,
				38764CE0261A9CF900B1D8EF /* netflix-cloneUITests.xctest */,
			);
			name = Products;
			sourceTree = "<group>";
		};
		38764CC6261A9CF400B1D8EF /* netflix-clone */ = {
			isa = PBXGroup;
			children = (
				382F0B7F267EBEAD00055B24 /* View */,
				382F0B7C267EBE3D00055B24 /* Model */,
				38764CC7261A9CF400B1D8EF /* netflix_cloneApp.swift */,
				38764CC9261A9CF400B1D8EF /* ContentView.swift */,
				38764CCB261A9CF800B1D8EF /* Assets.xcassets */,
				38764CD0261A9CF900B1D8EF /* Info.plist */,
				38764CCD261A9CF900B1D8EF /* Preview Content */,
				382F0B77267EBCB900055B24 /* HomeView.swift */,
			);
			path = "netflix-clone";
			sourceTree = "<group>";
		};
		38764CCD261A9CF900B1D8EF /* Preview Content */ = {
			isa = PBXGroup;
			children = (
				38764CCE261A9CF900B1D8EF /* Preview Assets.xcassets */,
			);
			path = "Preview Content";
			sourceTree = "<group>";
		};
		38764CD8261A9CF900B1D8EF /* netflix-cloneTests */ = {
			isa = PBXGroup;
			children = (
				38764CD9261A9CF900B1D8EF /* netflix_cloneTests.swift */,
				38764CDB261A9CF900B1D8EF /* Info.plist */,
			);
			path = "netflix-cloneTests";
			sourceTree = "<group>";
		};
		38764CE3261A9CF900B1D8EF /* netflix-cloneUITests */ = {
			isa = PBXGroup;
			children = (
				38764CE4261A9CF900B1D8EF /* netflix_cloneUITests.swift */,
				38764CE6261A9CF900B1D8EF /* Info.plist */,
			);
			path = "netflix-cloneUITests";
			sourceTree = "<group>";
		};
/* End PBXGroup section */

/* Begin PBXNativeTarget section */
		38764CC3261A9CF400B1D8EF /* netflix-clone */ = {
			isa = PBXNativeTarget;
			buildConfigurationList = 38764CE9261A9CF900B1D8EF /* Build configuration list for PBXNativeTarget "netflix-clone" */;
			buildPhases = (
				38764CC0261A9CF400B1D8EF /* Sources */,
				38764CC1261A9CF400B1D8EF /* Frameworks */,
				38764CC2261A9CF400B1D8EF /* Resources */,
			);
			buildRules = (
			);
			dependencies = (
			);
			name = "netflix-clone";
			packageProductDependencies = (
				382F0B7A267EBE0200055B24 /* KingfisherSwiftUI */,
			);
			productName = "netflix-clone";
			productReference = 38764CC4261A9CF400B1D8EF /* netflix-clone.app */;
			productType = "com.apple.product-type.application";
		};
		38764CD4261A9CF900B1D8EF /* netflix-cloneTests */ = {
			isa = PBXNativeTarget;
			buildConfigurationList = 38764CEC261A9CF900B1D8EF /* Build configuration list for PBXNativeTarget "netflix-cloneTests" */;
			buildPhases = (
				38764CD1261A9CF900B1D8EF /* Sources */,
				38764CD2261A9CF900B1D8EF /* Frameworks */,
				38764CD3261A9CF900B1D8EF /* Resources */,
			);
			buildRules = (
			);
			dependencies = (
				38764CD7261A9CF900B1D8EF /* PBXTargetDependency */,
			);
			name = "netflix-cloneTests";
			productName = "netflix-cloneTests";
			productReference = 38764CD5261A9CF900B1D8EF /* netflix-cloneTests.xctest */;
			productType = "com.apple.product-type.bundle.unit-test";
		};
		38764CDF261A9CF900B1D8EF /* netflix-cloneUITests */ = {
			isa = PBXNativeTarget;
			buildConfigurationList = 38764CEF261A9CF900B1D8EF /* Build configuration list for PBXNativeTarget "netflix-cloneUITests" */;
			buildPhases = (
				38764CDC261A9CF900B1D8EF /* Sources */,
				38764CDD261A9CF900B1D8EF /* Frameworks */,
				38764CDE261A9CF900B1D8EF /* Resources */,
			);
			buildRules = (
			);
			dependencies = (
				38764CE2261A9CF900B1D8EF /* PBXTargetDependency */,
			);
			name = "netflix-cloneUITests";
			productName = "netflix-cloneUITests";
			productReference = 38764CE0261A9CF900B1D8EF /* netflix-cloneUITests.xctest */;
			productType = "com.apple.product-type.bundle.ui-testing";
		};
/* End PBXNativeTarget section */

/* Begin PBXProject section */
		38764CBC261A9CF400B1D8EF /* Project object */ = {
			isa = PBXProject;
			attributes = {
				LastSwiftUpdateCheck = 1240;
				LastUpgradeCheck = 1240;
				TargetAttributes = {
					38764CC3261A9CF400B1D8EF = {
						CreatedOnToolsVersion = 12.4;
					};
					38764CD4261A9CF900B1D8EF = {
						CreatedOnToolsVersion = 12.4;
						TestTargetID = 38764CC3261A9CF400B1D8EF;
					};
					38764CDF261A9CF900B1D8EF = {
						CreatedOnToolsVersion = 12.4;
						TestTargetID = 38764CC3261A9CF400B1D8EF;
					};
				};
			};
			buildConfigurationList = 38764CBF261A9CF400B1D8EF /* Build configuration list for PBXProject "netflix-clone" */;
			compatibilityVersion = "Xcode 9.3";
			developmentRegion = en;
			hasScannedForEncodings = 0;
			knownRegions = (
				en,
				Base,
			);
			mainGroup = 38764CBB261A9CF400B1D8EF;
			packageReferences = (
				382F0B79267EBE0200055B24 /* XCRemoteSwiftPackageReference "Kingfisher" */,
			);
			productRefGroup = 38764CC5261A9CF400B1D8EF /* Products */;
			projectDirPath = "";
			projectRoot = "";
			targets = (
				38764CC3261A9CF400B1D8EF /* netflix-clone */,
				38764CD4261A9CF900B1D8EF /* netflix-cloneTests */,
				38764CDF261A9CF900B1D8EF /* netflix-cloneUITests */,
			);
		};
/* End PBXProject section */

/* Begin PBXResourcesBuildPhase section */
		38764CC2261A9CF400B1D8EF /* Resources */ = {
			isa = PBXResourcesBuildPhase;
			buildActionMask = 2147483647;
			files = (
				38764CCF261A9CF900B1D8EF /* Preview Assets.xcassets in Resources */,
				38764CCC261A9CF900B1D8EF /* Assets.xcassets in Resources */,
			);
			runOnlyForDeploymentPostprocessing = 0;
		};
		38764CD3261A9CF900B1D8EF /* Resources */ = {
			isa = PBXResourcesBuildPhase;
			buildActionMask = 2147483647;
			files = (
			);
			runOnlyForDeploymentPostprocessing = 0;
		};
		38764CDE261A9CF900B1D8EF /* Resources */ = {
			isa = PBXResourcesBuildPhase;
			buildActionMask = 2147483647;
			files = (
			);
			runOnlyForDeploymentPostprocessing = 0;
		};
/* End PBXResourcesBuildPhase section */

/* Begin PBXSourcesBuildPhase section */
		38764CC0261A9CF400B1D8EF /* Sources */ = {
			isa = PBXSourcesBuildPhase;
			buildActionMask = 2147483647;
			files = (
				382F0B84267EBF4100055B24 /* GlobalHelpers.swift in Sources */,
				382F0B78267EBCB900055B24 /* HomeView.swift in Sources */,
				382F0B87267EC18100055B24 /* HomeViewModel.swift in Sources */,
				38764CCA261A9CF400B1D8EF /* ContentView.swift in Sources */,
				382F0B81267EBEDB00055B24 /* StandardHomeMovie.swift in Sources */,
				382F0B7E267EBE5200055B24 /* Movie.swift in Sources */,
				38764CC8261A9CF400B1D8EF /* netflix_cloneApp.swift in Sources */,
			);
			runOnlyForDeploymentPostprocessing = 0;
		};
		38764CD1261A9CF900B1D8EF /* Sources */ = {
			isa = PBXSourcesBuildPhase;
			buildActionMask = 2147483647;
			files = (
				38764CDA261A9CF900B1D8EF /* netflix_cloneTests.swift in Sources */,
			);
			runOnlyForDeploymentPostprocessing = 0;
		};
		38764CDC261A9CF900B1D8EF /* Sources */ = {
			isa = PBXSourcesBuildPhase;
			buildActionMask = 2147483647;
			files = (
				38764CE5261A9CF900B1D8EF /* netflix_cloneUITests.swift in Sources */,
			);
			runOnlyForDeploymentPostprocessing = 0;
		};
/* End PBXSourcesBuildPhase section */

/* Begin PBXTargetDependency section */
		38764CD7261A9CF900B1D8EF /* PBXTargetDependency */ = {
			isa = PBXTargetDependency;
			target = 38764CC3261A9CF400B1D8EF /* netflix-clone */;
			targetProxy = 38764CD6261A9CF900B1D8EF /* PBXContainerItemProxy */;
		};
		38764CE2261A9CF900B1D8EF /* PBXTargetDependency */ = {
			isa = PBXTargetDependency;
			target = 38764CC3261A9CF400B1D8EF /* netflix-clone */;
			targetProxy = 38764CE1261A9CF900B1D8EF /* PBXContainerItemProxy */;
		};
/* End PBXTargetDependency section */

/* Begin XCBuildConfiguration section */
		38764CE7261A9CF900B1D8EF /* Debug */ = {
			isa = XCBuildConfiguration;
			buildSettings = {
				ALWAYS_SEARCH_USER_PATHS = NO;
				CLANG_ANALYZER_NONNULL = YES;
				CLANG_ANALYZER_NUMBER_OBJECT_CONVERSION = YES_AGGRESSIVE;
				CLANG_CXX_LANGUAGE_STANDARD = "gnu++14";
				CLANG_CXX_LIBRARY = "libc++";
				CLANG_ENABLE_MODULES = YES;
				CLANG_ENABLE_OBJC_ARC = YES;
				CLANG_ENABLE_OBJC_WEAK = YES;
				CLANG_WARN_BLOCK_CAPTURE_AUTORELEASING = YES;
				CLANG_WARN_BOOL_CONVERSION = YES;
				CLANG_WARN_COMMA = YES;
				CLANG_WARN_CONSTANT_CONVERSION = YES;
				CLANG_WARN_DEPRECATED_OBJC_IMPLEMENTATIONS = YES;
				CLANG_WARN_DIRECT_OBJC_ISA_USAGE = YES_ERROR;
				CLANG_WARN_DOCUMENTATION_COMMENTS = YES;
				CLANG_WARN_EMPTY_BODY = YES;
				CLANG_WARN_ENUM_CONVERSION = YES;
				CLANG_WARN_INFINITE_RECURSION = YES;
				CLANG_WARN_INT_CONVERSION = YES;
				CLANG_WARN_NON_LITERAL_NULL_CONVERSION = YES;
				CLANG_WARN_OBJC_IMPLICIT_RETAIN_SELF = YES;
				CLANG_WARN_OBJC_LITERAL_CONVERSION = YES;
				CLANG_WARN_OBJC_ROOT_CLASS = YES_ERROR;
				CLANG_WARN_QUOTED_INCLUDE_IN_FRAMEWORK_HEADER = YES;
				CLANG_WARN_RANGE_LOOP_ANALYSIS = YES;
				CLANG_WARN_STRICT_PROTOTYPES = YES;
				CLANG_WARN_SUSPICIOUS_MOVE = YES;
				CLANG_WARN_UNGUARDED_AVAILABILITY = YES_AGGRESSIVE;
				CLANG_WARN_UNREACHABLE_CODE = YES;
				CLANG_WARN__DUPLICATE_METHOD_MATCH = YES;
				COPY_PHASE_STRIP = NO;
				DEBUG_INFORMATION_FORMAT = dwarf;
				ENABLE_STRICT_OBJC_MSGSEND = YES;
				ENABLE_TESTABILITY = YES;
				GCC_C_LANGUAGE_STANDARD = gnu11;
				GCC_DYNAMIC_NO_PIC = NO;
				GCC_NO_COMMON_BLOCKS = YES;
				GCC_OPTIMIZATION_LEVEL = 0;
				GCC_PREPROCESSOR_DEFINITIONS = (
					"DEBUG=1",
					"$(inherited)",
				);
				GCC_WARN_64_TO_32_BIT_CONVERSION = YES;
				GCC_WARN_ABOUT_RETURN_TYPE = YES_ERROR;
				GCC_WARN_UNDECLARED_SELECTOR = YES;
				GCC_WARN_UNINITIALIZED_AUTOS = YES_AGGRESSIVE;
				GCC_WARN_UNUSED_FUNCTION = YES;
				GCC_WARN_UNUSED_VARIABLE = YES;
				IPHONEOS_DEPLOYMENT_TARGET = 14.4;
				MTL_ENABLE_DEBUG_INFO = INCLUDE_SOURCE;
				MTL_FAST_MATH = YES;
				ONLY_ACTIVE_ARCH = YES;
				SDKROOT = iphoneos;
				SWIFT_ACTIVE_COMPILATION_CONDITIONS = DEBUG;
				SWIFT_OPTIMIZATION_LEVEL = "-Onone";
			};
			name = Debug;
		};
		38764CE8261A9CF900B1D8EF /* Release */ = {
			isa = XCBuildConfiguration;
			buildSettings = {
				ALWAYS_SEARCH_USER_PATHS = NO;
				CLANG_ANALYZER_NONNULL = YES;
				CLANG_ANALYZER_NUMBER_OBJECT_CONVERSION = YES_AGGRESSIVE;
				CLANG_CXX_LANGUAGE_STANDARD = "gnu++14";
				CLANG_CXX_LIBRARY = "libc++";
				CLANG_ENABLE_MODULES = YES;
				CLANG_ENABLE_OBJC_ARC = YES;
				CLANG_ENABLE_OBJC_WEAK = YES;
				CLANG_WARN_BLOCK_CAPTURE_AUTORELEASING = YES;
				CLANG_WARN_BOOL_CONVERSION = YES;
				CLANG_WARN_COMMA = YES;
				CLANG_WARN_CONSTANT_CONVERSION = YES;
				CLANG_WARN_DEPRECATED_OBJC_IMPLEMENTATIONS = YES;
				CLANG_WARN_DIRECT_OBJC_ISA_USAGE = YES_ERROR;
				CLANG_WARN_DOCUMENTATION_COMMENTS = YES;
				CLANG_WARN_EMPTY_BODY = YES;
				CLANG_WARN_ENUM_CONVERSION = YES;
				CLANG_WARN_INFINITE_RECURSION = YES;
				CLANG_WARN_INT_CONVERSION = YES;
				CLANG_WARN_NON_LITERAL_NULL_CONVERSION = YES;
				CLANG_WARN_OBJC_IMPLICIT_RETAIN_SELF = YES;
				CLANG_WARN_OBJC_LITERAL_CONVERSION = YES;
				CLANG_WARN_OBJC_ROOT_CLASS = YES_ERROR;
				CLANG_WARN_QUOTED_INCLUDE_IN_FRAMEWORK_HEADER = YES;
				CLANG_WARN_RANGE_LOOP_ANALYSIS = YES;
				CLANG_WARN_STRICT_PROTOTYPES = YES;
				CLANG_WARN_SUSPICIOUS_MOVE = YES;
				CLANG_WARN_UNGUARDED_AVAILABILITY = YES_AGGRESSIVE;
				CLANG_WARN_UNREACHABLE_CODE = YES;
				CLANG_WARN__DUPLICATE_METHOD_MATCH = YES;
				COPY_PHASE_STRIP = NO;
				DEBUG_INFORMATION_FORMAT = "dwarf-with-dsym";
				ENABLE_NS_ASSERTIONS = NO;
				ENABLE_STRICT_OBJC_MSGSEND = YES;
				GCC_C_LANGUAGE_STANDARD = gnu11;
				GCC_NO_COMMON_BLOCKS = YES;
				GCC_WARN_64_TO_32_BIT_CONVERSION = YES;
				GCC_WARN_ABOUT_RETURN_TYPE = YES_ERROR;
				GCC_WARN_UNDECLARED_SELECTOR = YES;
				GCC_WARN_UNINITIALIZED_AUTOS = YES_AGGRESSIVE;
				GCC_WARN_UNUSED_FUNCTION = YES;
				GCC_WARN_UNUSED_VARIABLE = YES;
				IPHONEOS_DEPLOYMENT_TARGET = 14.4;
				MTL_ENABLE_DEBUG_INFO = NO;
				MTL_FAST_MATH = YES;
				SDKROOT = iphoneos;
				SWIFT_COMPILATION_MODE = wholemodule;
				SWIFT_OPTIMIZATION_LEVEL = "-O";
				VALIDATE_PRODUCT = YES;
			};
			name = Release;
		};
		38764CEA261A9CF900B1D8EF /* Debug */ = {
			isa = XCBuildConfiguration;
			buildSettings = {
				ASSETCATALOG_COMPILER_APPICON_NAME = AppIcon;
				ASSETCATALOG_COMPILER_GLOBAL_ACCENT_COLOR_NAME = AccentColor;
				CODE_SIGN_STYLE = Automatic;
				DEVELOPMENT_ASSET_PATHS = "\"netflix-clone/Preview Content\"";
				DEVELOPMENT_TEAM = 2CQ8MM6BCX;
				ENABLE_PREVIEWS = YES;
				INFOPLIST_FILE = "netflix-clone/Info.plist";
				IPHONEOS_DEPLOYMENT_TARGET = 14.0;
				LD_RUNPATH_SEARCH_PATHS = (
					"$(inherited)",
					"@executable_path/Frameworks",
				);
				PRODUCT_BUNDLE_IDENTIFIER = "com.colossus.Raf.netflix-clone";
				PRODUCT_NAME = "$(TARGET_NAME)";
				SWIFT_VERSION = 5.0;
				TARGETED_DEVICE_FAMILY = "1,2";
			};
			name = Debug;
		};
		38764CEB261A9CF900B1D8EF /* Release */ = {
			isa = XCBuildConfiguration;
			buildSettings = {
				ASSETCATALOG_COMPILER_APPICON_NAME = AppIcon;
				ASSETCATALOG_COMPILER_GLOBAL_ACCENT_COLOR_NAME = AccentColor;
				CODE_SIGN_STYLE = Automatic;
				DEVELOPMENT_ASSET_PATHS = "\"netflix-clone/Preview Content\"";
				DEVELOPMENT_TEAM = 2CQ8MM6BCX;
				ENABLE_PREVIEWS = YES;
				INFOPLIST_FILE = "netflix-clone/Info.plist";
				IPHONEOS_DEPLOYMENT_TARGET = 14.0;
				LD_RUNPATH_SEARCH_PATHS = (
					"$(inherited)",
					"@executable_path/Frameworks",
				);
				PRODUCT_BUNDLE_IDENTIFIER = "com.colossus.Raf.netflix-clone";
				PRODUCT_NAME = "$(TARGET_NAME)";
				SWIFT_VERSION = 5.0;
				TARGETED_DEVICE_FAMILY = "1,2";
			};
			name = Release;
		};
		38764CED261A9CF900B1D8EF /* Debug */ = {
			isa = XCBuildConfiguration;
			buildSettings = {
				ALWAYS_EMBED_SWIFT_STANDARD_LIBRARIES = YES;
				BUNDLE_LOADER = "$(TEST_HOST)";
				CODE_SIGN_STYLE = Automatic;
				DEVELOPMENT_TEAM = 2CQ8MM6BCX;
				INFOPLIST_FILE = "netflix-cloneTests/Info.plist";
				IPHONEOS_DEPLOYMENT_TARGET = 14.0;
				LD_RUNPATH_SEARCH_PATHS = (
					"$(inherited)",
					"@executable_path/Frameworks",
					"@loader_path/Frameworks",
				);
				PRODUCT_BUNDLE_IDENTIFIER = "com.colossus.Raf.netflix-cloneTests";
				PRODUCT_NAME = "$(TARGET_NAME)";
				SWIFT_VERSION = 5.0;
				TARGETED_DEVICE_FAMILY = "1,2";
				TEST_HOST = "$(BUILT_PRODUCTS_DIR)/netflix-clone.app/netflix-clone";
			};
			name = Debug;
		};
		38764CEE261A9CF900B1D8EF /* Release */ = {
			isa = XCBuildConfiguration;
			buildSettings = {
				ALWAYS_EMBED_SWIFT_STANDARD_LIBRARIES = YES;
				BUNDLE_LOADER = "$(TEST_HOST)";
				CODE_SIGN_STYLE = Automatic;
				DEVELOPMENT_TEAM = 2CQ8MM6BCX;
				INFOPLIST_FILE = "netflix-cloneTests/Info.plist";
				IPHONEOS_DEPLOYMENT_TARGET = 14.0;
				LD_RUNPATH_SEARCH_PATHS = (
					"$(inherited)",
					"@executable_path/Frameworks",
					"@loader_path/Frameworks",
				);
				PRODUCT_BUNDLE_IDENTIFIER = "com.colossus.Raf.netflix-cloneTests";
				PRODUCT_NAME = "$(TARGET_NAME)";
				SWIFT_VERSION = 5.0;
				TARGETED_DEVICE_FAMILY = "1,2";
				TEST_HOST = "$(BUILT_PRODUCTS_DIR)/netflix-clone.app/netflix-clone";
			};
			name = Release;
		};
		38764CF0261A9CF900B1D8EF /* Debug */ = {
			isa = XCBuildConfiguration;
			buildSettings = {
				ALWAYS_EMBED_SWIFT_STANDARD_LIBRARIES = YES;
				CODE_SIGN_STYLE = Automatic;
				DEVELOPMENT_TEAM = 2CQ8MM6BCX;
				INFOPLIST_FILE = "netflix-cloneUITests/Info.plist";
				LD_RUNPATH_SEARCH_PATHS = (
					"$(inherited)",
					"@executable_path/Frameworks",
					"@loader_path/Frameworks",
				);
				PRODUCT_BUNDLE_IDENTIFIER = "com.colossus.Raf.netflix-cloneUITests";
				PRODUCT_NAME = "$(TARGET_NAME)";
				SWIFT_VERSION = 5.0;
				TARGETED_DEVICE_FAMILY = "1,2";
				TEST_TARGET_NAME = "netflix-clone";
			};
			name = Debug;
		};
		38764CF1261A9CF900B1D8EF /* Release */ = {
			isa = XCBuildConfiguration;
			buildSettings = {
				ALWAYS_EMBED_SWIFT_STANDARD_LIBRARIES = YES;
				CODE_SIGN_STYLE = Automatic;
				DEVELOPMENT_TEAM = 2CQ8MM6BCX;
				INFOPLIST_FILE = "netflix-cloneUITests/Info.plist";
				LD_RUNPATH_SEARCH_PATHS = (
					"$(inherited)",
					"@executable_path/Frameworks",
					"@loader_path/Frameworks",
				);
				PRODUCT_BUNDLE_IDENTIFIER = "com.colossus.Raf.netflix-cloneUITests";
				PRODUCT_NAME = "$(TARGET_NAME)";
				SWIFT_VERSION = 5.0;
				TARGETED_DEVICE_FAMILY = "1,2";
				TEST_TARGET_NAME = "netflix-clone";
			};
			name = Release;
		};
/* End XCBuildConfiguration section */

/* Begin XCConfigurationList section */
		38764CBF261A9CF400B1D8EF /* Build configuration list for PBXProject "netflix-clone" */ = {
			isa = XCConfigurationList;
			buildConfigurations = (
				38764CE7261A9CF900B1D8EF /* Debug */,
				38764CE8261A9CF900B1D8EF /* Release */,
			);
			defaultConfigurationIsVisible = 0;
			defaultConfigurationName = Release;
		};
		38764CE9261A9CF900B1D8EF /* Build configuration list for PBXNativeTarget "netflix-clone" */ = {
			isa = XCConfigurationList;
			buildConfigurations = (
				38764CEA261A9CF900B1D8EF /* Debug */,
				38764CEB261A9CF900B1D8EF /* Release */,
			);
			defaultConfigurationIsVisible = 0;
			defaultConfigurationName = Release;
		};
		38764CEC261A9CF900B1D8EF /* Build configuration list for PBXNativeTarget "netflix-cloneTests" */ = {
			isa = XCConfigurationList;
			buildConfigurations = (
				38764CED261A9CF900B1D8EF /* Debug */,
				38764CEE261A9CF900B1D8EF /* Release */,
			);
			defaultConfigurationIsVisible = 0;
			defaultConfigurationName = Release;
		};
		38764CEF261A9CF900B1D8EF /* Build configuration list for PBXNativeTarget "netflix-cloneUITests" */ = {
			isa = XCConfigurationList;
			buildConfigurations = (
				38764CF0261A9CF900B1D8EF /* Debug */,
				38764CF1261A9CF900B1D8EF /* Release */,
			);
			defaultConfigurationIsVisible = 0;
			defaultConfigurationName = Release;
		};
/* End XCConfigurationList section */

/* Begin XCRemoteSwiftPackageReference section */
		382F0B79267EBE0200055B24 /* XCRemoteSwiftPackageReference "Kingfisher" */ = {
			isa = XCRemoteSwiftPackageReference;
			repositoryURL = "https://github.com/onevcat/Kingfisher.git";
			requirement = {
				kind = exactVersion;
				version = 5.14.1;
			};
		};
/* End XCRemoteSwiftPackageReference section */

/* Begin XCSwiftPackageProductDependency section */
		382F0B7A267EBE0200055B24 /* KingfisherSwiftUI */ = {
			isa = XCSwiftPackageProductDependency;
			package = 382F0B79267EBE0200055B24 /* XCRemoteSwiftPackageReference "Kingfisher" */;
			productName = KingfisherSwiftUI;
		};
/* End XCSwiftPackageProductDependency section */
	};
	rootObject = 38764CBC261A9CF400B1D8EF /* Project object */;
}
